
Microsoft Visual Studio Solution File, Format Version 12.00
# Visual Studio Version 17
VisualStudioVersion = 17.10.35004.147
MinimumVisualStudioVersion = 10.0.40219.1
Project("{FAE04EC0-301F-11D3-BF4B-00C04F79EFBC}") = "AdapterPattern", "AdapterPattern\AdapterPattern.csproj", "{6AFF9857-34DF-4CB0-A8FC-71C693D25B19}"
EndProject
Global
	GlobalSection(SolutionConfigurationPlatforms) = preSolution
		Debug|Any CPU = Debug|Any CPU
		Release|Any CPU = Release|Any CPU
	EndGlobalSection
	GlobalSection(ProjectConfigurationPlatforms) = postSolution
		{6AFF9857-34DF-4CB0-A8FC-71C693D25B19}.Debug|Any CPU.ActiveCfg = Debug|Any CPU
		{6AFF9857-34DF-4CB0-A8FC-71C693D25B19}.Debug|Any CPU.Build.0 = Debug|Any CPU
		{6AFF9857-34DF-4CB0-A8FC-71C693D25B19}.Release|Any CPU.ActiveCfg = Release|Any CPU
		{6AFF9857-34DF-4CB0-A8FC-71C693D25B19}.Release|Any CPU.Build.0 = Release|Any CPU
	EndGlobalSection
	GlobalSection(SolutionProperties) = preSolution
		HideSolutionNode = FALSE
	EndGlobalSection
	GlobalSection(ExtensibilityGlobals) = postSolution
		SolutionGuid = {8403C65E-0FAA-4A6B-8A89-EF7C22C3F04D}
	EndGlobalSection
EndGlobal
